
Microsoft Visual Studio Solution File, Format Version 12.00
# Visual Studio 14
VisualStudioVersion = 14.0.25123.0
MinimumVisualStudioVersion = 10.0.40219.1
Project("{8BC9CEB8-8B4A-11D0-8D11-00A0C91BC942}") = "masm", "masm\masm.vcxproj", "{71440F6B-C4A1-436B-ACF9-F1C56FA9ED6F}"
EndProject
Project("{8BC9CEB8-8B4A-11D0-8D11-00A0C91BC942}") = "overflow", "overflow\overflow.vcxproj", "{62BBD486-BA89-43D7-A06A-98E5ACD6359B}"
EndProject
Project("{8BC9CEB8-8B4A-11D0-8D11-00A0C91BC942}") = "basic", "basic\basic.vcxproj", "{449D8C0F-CEF9-4F6C-A7D7-D099BC5FF278}"
EndProject
Global
	GlobalSection(SolutionConfigurationPlatforms) = preSolution
		Debug|Win32 = Debug|Win32
		Debug|x64 = Debug|x64
		Release|Win32 = Release|Win32
		Release|x64 = Release|x64
	EndGlobalSection
	GlobalSection(ProjectConfigurationPlatforms) = postSolution
		{71440F6B-C4A1-436B-ACF9-F1C56FA9ED6F}.Debug|Win32.ActiveCfg = Debug|Win32
		{71440F6B-C4A1-436B-ACF9-F1C56FA9ED6F}.Debug|Win32.Build.0 = Debug|Win32
		{71440F6B-C4A1-436B-ACF9-F1C56FA9ED6F}.Debug|x64.ActiveCfg = Debug|Win32
		{71440F6B-C4A1-436B-ACF9-F1C56FA9ED6F}.Release|Win32.ActiveCfg = Release|Win32
		{71440F6B-C4A1-436B-ACF9-F1C56FA9ED6F}.Release|Win32.Build.0 = Release|Win32
		{71440F6B-C4A1-436B-ACF9-F1C56FA9ED6F}.Release|x64.ActiveCfg = Release|Win32
		{62BBD486-BA89-43D7-A06A-98E5ACD6359B}.Debug|Win32.ActiveCfg = Debug|Win32
		{62BBD486-BA89-43D7-A06A-98E5ACD6359B}.Debug|Win32.Build.0 = Debug|Win32
		{62BBD486-BA89-43D7-A06A-98E5ACD6359B}.Debug|x64.ActiveCfg = Debug|Win32
		{62BBD486-BA89-43D7-A06A-98E5ACD6359B}.Release|Win32.ActiveCfg = Release|Win32
		{62BBD486-BA89-43D7-A06A-98E5ACD6359B}.Release|Win32.Build.0 = Release|Win32
		{62BBD486-BA89-43D7-A06A-98E5ACD6359B}.Release|x64.ActiveCfg = Release|Win32
		{449D8C0F-CEF9-4F6C-A7D7-D099BC5FF278}.Debug|Win32.ActiveCfg = Debug|Win32
		{449D8C0F-CEF9-4F6C-A7D7-D099BC5FF278}.Debug|Win32.Build.0 = Debug|Win32
		{449D8C0F-CEF9-4F6C-A7D7-D099BC5FF278}.Debug|x64.ActiveCfg = Debug|x64
		{449D8C0F-CEF9-4F6C-A7D7-D099BC5FF278}.Debug|x64.Build.0 = Debug|x64
		{449D8C0F-CEF9-4F6C-A7D7-D099BC5FF278}.Release|Win32.ActiveCfg = Release|Win32
		{449D8C0F-CEF9-4F6C-A7D7-D099BC5FF278}.Release|Win32.Build.0 = Release|Win32
		{449D8C0F-CEF9-4F6C-A7D7-D099BC5FF278}.Release|x64.ActiveCfg = Release|x64
		{449D8C0F-CEF9-4F6C-A7D7-D099BC5FF278}.Release|x64.Build.0 = Release|x64
	EndGlobalSection
	GlobalSection(SolutionProperties) = preSolution
		HideSolutionNode = FALSE
	EndGlobalSection
EndGlobal
